// !$*UTF8*$!
{
	archiveVersion = 1;
	classes = {
	};
	objectVersion = 46;
	objects = {

/* Begin PBXBuildFile section */
		313185D41C6229C5000034DD /* Bolts.framework in Frameworks */ = {isa = PBXBuildFile; fileRef = 313185D21C6229C5000034DD /* Bolts.framework */; };
		313185D71C622A36000034DD /* Parse.framework in Frameworks */ = {isa = PBXBuildFile; fileRef = 313185D61C622A36000034DD /* Parse.framework */; };
		313185DA1C622C96000034DD /* AudioToolbox.framework in Frameworks */ = {isa = PBXBuildFile; fileRef = 313185D91C622C96000034DD /* AudioToolbox.framework */; };
		313185DC1C622CA2000034DD /* CFNetwork.framework in Frameworks */ = {isa = PBXBuildFile; fileRef = 313185DB1C622CA2000034DD /* CFNetwork.framework */; };
		313185DE1C622CAD000034DD /* CoreGraphics.framework in Frameworks */ = {isa = PBXBuildFile; fileRef = 313185DD1C622CAD000034DD /* CoreGraphics.framework */; };
		313185E01C622CB9000034DD /* CoreLocation.framework in Frameworks */ = {isa = PBXBuildFile; fileRef = 313185DF1C622CB9000034DD /* CoreLocation.framework */; };
		313185E21C622CC3000034DD /* QuartzCore.framework in Frameworks */ = {isa = PBXBuildFile; fileRef = 313185E11C622CC3000034DD /* QuartzCore.framework */; };
		313185E41C622CCF000034DD /* Security.framework in Frameworks */ = {isa = PBXBuildFile; fileRef = 313185E31C622CCF000034DD /* Security.framework */; };
		313185E61C622CDE000034DD /* StoreKit.framework in Frameworks */ = {isa = PBXBuildFile; fileRef = 313185E51C622CDE000034DD /* StoreKit.framework */; };
		313185E81C622CE7000034DD /* SystemConfiguration.framework in Frameworks */ = {isa = PBXBuildFile; fileRef = 313185E71C622CE7000034DD /* SystemConfiguration.framework */; };
		313185EA1C622CF0000034DD /* libz.tbd in Frameworks */ = {isa = PBXBuildFile; fileRef = 313185E91C622CF0000034DD /* libz.tbd */; };
		313185EC1C622CFA000034DD /* libsqlite3.tbd in Frameworks */ = {isa = PBXBuildFile; fileRef = 313185EB1C622CFA000034DD /* libsqlite3.tbd */; };
		31380E861C61672C0011F6EB /* HomeViewController.m in Sources */ = {isa = PBXBuildFile; fileRef = 31380E851C61672C0011F6EB /* HomeViewController.m */; };
		31380E891C6167E70011F6EB /* DaysViewController.m in Sources */ = {isa = PBXBuildFile; fileRef = 31380E881C6167E70011F6EB /* DaysViewController.m */; };
		31380E8C1C616A370011F6EB /* FoodTableViewController.m in Sources */ = {isa = PBXBuildFile; fileRef = 31380E8B1C616A370011F6EB /* FoodTableViewController.m */; };
		31380E8F1C616AAF0011F6EB /* LocationViewController.m in Sources */ = {isa = PBXBuildFile; fileRef = 31380E8E1C616AAF0011F6EB /* LocationViewController.m */; };
		31380E921C616B810011F6EB /* GaleryViewController.m in Sources */ = {isa = PBXBuildFile; fileRef = 31380E911C616B810011F6EB /* GaleryViewController.m */; };
		317330E11C5FCF2D00BB2148 /* main.m in Sources */ = {isa = PBXBuildFile; fileRef = 317330E01C5FCF2D00BB2148 /* main.m */; };
		317330E41C5FCF2D00BB2148 /* AppDelegate.m in Sources */ = {isa = PBXBuildFile; fileRef = 317330E31C5FCF2D00BB2148 /* AppDelegate.m */; };
		317330ED1C5FCF2D00BB2148 /* Main.storyboard in Resources */ = {isa = PBXBuildFile; fileRef = 317330EB1C5FCF2D00BB2148 /* Main.storyboard */; };
		317330EF1C5FCF2D00BB2148 /* Assets.xcassets in Resources */ = {isa = PBXBuildFile; fileRef = 317330EE1C5FCF2D00BB2148 /* Assets.xcassets */; };
		317330F21C5FCF2D00BB2148 /* LaunchScreen.storyboard in Resources */ = {isa = PBXBuildFile; fileRef = 317330F01C5FCF2D00BB2148 /* LaunchScreen.storyboard */; };
		3180BC931C62571700E40FBC /* Exercise.m in Sources */ = {isa = PBXBuildFile; fileRef = 3180BC921C62571700E40FBC /* Exercise.m */; };
		3180BC961C62A29900E40FBC /* MondayTableViewController.m in Sources */ = {isa = PBXBuildFile; fileRef = 3180BC951C62A29900E40FBC /* MondayTableViewController.m */; };
		3180BC991C62A8FC00E40FBC /* AddExerciseViewController.m in Sources */ = {isa = PBXBuildFile; fileRef = 3180BC981C62A8FC00E40FBC /* AddExerciseViewController.m */; };
/* End PBXBuildFile section */

/* Begin PBXFileReference section */
		313185D21C6229C5000034DD /* Bolts.framework */ = {isa = PBXFileReference; lastKnownFileType = wrapper.framework; path = Bolts.framework; sourceTree = "<group>"; };
		313185D61C622A36000034DD /* Parse.framework */ = {isa = PBXFileReference; lastKnownFileType = wrapper.framework; path = Parse.framework; sourceTree = "<group>"; };
		313185D91C622C96000034DD /* AudioToolbox.framework */ = {isa = PBXFileReference; lastKnownFileType = wrapper.framework; name = AudioToolbox.framework; path = System/Library/Frameworks/AudioToolbox.framework; sourceTree = SDKROOT; };
		313185DB1C622CA2000034DD /* CFNetwork.framework */ = {isa = PBXFileReference; lastKnownFileType = wrapper.framework; name = CFNetwork.framework; path = System/Library/Frameworks/CFNetwork.framework; sourceTree = SDKROOT; };
		313185DD1C622CAD000034DD /* CoreGraphics.framework */ = {isa = PBXFileReference; lastKnownFileType = wrapper.framework; name = CoreGraphics.framework; path = System/Library/Frameworks/CoreGraphics.framework; sourceTree = SDKROOT; };
		313185DF1C622CB9000034DD /* CoreLocation.framework */ = {isa = PBXFileReference; lastKnownFileType = wrapper.framework; name = CoreLocation.framework; path = System/Library/Frameworks/CoreLocation.framework; sourceTree = SDKROOT; };
		313185E11C622CC3000034DD /* QuartzCore.framework */ = {isa = PBXFileReference; lastKnownFileType = wrapper.framework; name = QuartzCore.framework; path = System/Library/Frameworks/QuartzCore.framework; sourceTree = SDKROOT; };
		313185E31C622CCF000034DD /* Security.framework */ = {isa = PBXFileReference; lastKnownFileType = wrapper.framework; name = Security.framework; path = System/Library/Frameworks/Security.framework; sourceTree = SDKROOT; };
		313185E51C622CDE000034DD /* StoreKit.framework */ = {isa = PBXFileReference; lastKnownFileType = wrapper.framework; name = StoreKit.framework; path = System/Library/Frameworks/StoreKit.framework; sourceTree = SDKROOT; };
		313185E71C622CE7000034DD /* SystemConfiguration.framework */ = {isa = PBXFileReference; lastKnownFileType = wrapper.framework; name = SystemConfiguration.framework; path = System/Library/Frameworks/SystemConfiguration.framework; sourceTree = SDKROOT; };
		313185E91C622CF0000034DD /* libz.tbd */ = {isa = PBXFileReference; lastKnownFileType = "sourcecode.text-based-dylib-definition"; name = libz.tbd; path = usr/lib/libz.tbd; sourceTree = SDKROOT; };
		313185EB1C622CFA000034DD /* libsqlite3.tbd */ = {isa = PBXFileReference; lastKnownFileType = "sourcecode.text-based-dylib-definition"; name = libsqlite3.tbd; path = usr/lib/libsqlite3.tbd; sourceTree = SDKROOT; };
		31380E841C61672C0011F6EB /* HomeViewController.h */ = {isa = PBXFileReference; fileEncoding = 4; lastKnownFileType = sourcecode.c.h; path = HomeViewController.h; sourceTree = "<group>"; };
		31380E851C61672C0011F6EB /* HomeViewController.m */ = {isa = PBXFileReference; fileEncoding = 4; lastKnownFileType = sourcecode.c.objc; path = HomeViewController.m; sourceTree = "<group>"; };
		31380E871C6167E70011F6EB /* DaysViewController.h */ = {isa = PBXFileReference; fileEncoding = 4; lastKnownFileType = sourcecode.c.h; path = DaysViewController.h; sourceTree = "<group>"; };
		31380E881C6167E70011F6EB /* DaysViewController.m */ = {isa = PBXFileReference; fileEncoding = 4; lastKnownFileType = sourcecode.c.objc; path = DaysViewController.m; sourceTree = "<group>"; };
		31380E8A1C616A370011F6EB /* FoodTableViewController.h */ = {isa = PBXFileReference; fileEncoding = 4; lastKnownFileType = sourcecode.c.h; path = FoodTableViewController.h; sourceTree = "<group>"; };
		31380E8B1C616A370011F6EB /* FoodTableViewController.m */ = {isa = PBXFileReference; fileEncoding = 4; lastKnownFileType = sourcecode.c.objc; path = FoodTableViewController.m; sourceTree = "<group>"; };
		31380E8D1C616AAF0011F6EB /* LocationViewController.h */ = {isa = PBXFileReference; fileEncoding = 4; lastKnownFileType = sourcecode.c.h; path = LocationViewController.h; sourceTree = "<group>"; };
		31380E8E1C616AAF0011F6EB /* LocationViewController.m */ = {isa = PBXFileReference; fileEncoding = 4; lastKnownFileType = sourcecode.c.objc; path = LocationViewController.m; sourceTree = "<group>"; };
		31380E901C616B810011F6EB /* GaleryViewController.h */ = {isa = PBXFileReference; fileEncoding = 4; lastKnownFileType = sourcecode.c.h; path = GaleryViewController.h; sourceTree = "<group>"; };
		31380E911C616B810011F6EB /* GaleryViewController.m */ = {isa = PBXFileReference; fileEncoding = 4; lastKnownFileType = sourcecode.c.objc; path = GaleryViewController.m; sourceTree = "<group>"; };
		317330DC1C5FCF2D00BB2148 /* Fitness Guide.app */ = {isa = PBXFileReference; explicitFileType = wrapper.application; includeInIndex = 0; path = "Fitness Guide.app"; sourceTree = BUILT_PRODUCTS_DIR; };
		317330E01C5FCF2D00BB2148 /* main.m */ = {isa = PBXFileReference; lastKnownFileType = sourcecode.c.objc; path = main.m; sourceTree = "<group>"; };
		317330E21C5FCF2D00BB2148 /* AppDelegate.h */ = {isa = PBXFileReference; lastKnownFileType = sourcecode.c.h; path = AppDelegate.h; sourceTree = "<group>"; };
		317330E31C5FCF2D00BB2148 /* AppDelegate.m */ = {isa = PBXFileReference; lastKnownFileType = sourcecode.c.objc; path = AppDelegate.m; sourceTree = "<group>"; };
		317330EC1C5FCF2D00BB2148 /* Base */ = {isa = PBXFileReference; lastKnownFileType = file.storyboard; name = Base; path = Base.lproj/Main.storyboard; sourceTree = "<group>"; };
		317330EE1C5FCF2D00BB2148 /* Assets.xcassets */ = {isa = PBXFileReference; lastKnownFileType = folder.assetcatalog; path = Assets.xcassets; sourceTree = "<group>"; };
		317330F11C5FCF2D00BB2148 /* Base */ = {isa = PBXFileReference; lastKnownFileType = file.storyboard; name = Base; path = Base.lproj/LaunchScreen.storyboard; sourceTree = "<group>"; };
		317330F31C5FCF2D00BB2148 /* Info.plist */ = {isa = PBXFileReference; lastKnownFileType = text.plist.xml; path = Info.plist; sourceTree = "<group>"; };
		3180BC911C62571700E40FBC /* Exercise.h */ = {isa = PBXFileReference; fileEncoding = 4; lastKnownFileType = sourcecode.c.h; path = Exercise.h; sourceTree = "<group>"; };
		3180BC921C62571700E40FBC /* Exercise.m */ = {isa = PBXFileReference; fileEncoding = 4; lastKnownFileType = sourcecode.c.objc; path = Exercise.m; sourceTree = "<group>"; };
		3180BC941C62A29900E40FBC /* MondayTableViewController.h */ = {isa = PBXFileReference; fileEncoding = 4; lastKnownFileType = sourcecode.c.h; path = MondayTableViewController.h; sourceTree = "<group>"; };
		3180BC951C62A29900E40FBC /* MondayTableViewController.m */ = {isa = PBXFileReference; fileEncoding = 4; lastKnownFileType = sourcecode.c.objc; path = MondayTableViewController.m; sourceTree = "<group>"; };
		3180BC971C62A8FC00E40FBC /* AddExerciseViewController.h */ = {isa = PBXFileReference; fileEncoding = 4; lastKnownFileType = sourcecode.c.h; path = AddExerciseViewController.h; sourceTree = "<group>"; };
		3180BC981C62A8FC00E40FBC /* AddExerciseViewController.m */ = {isa = PBXFileReference; fileEncoding = 4; lastKnownFileType = sourcecode.c.objc; path = AddExerciseViewController.m; sourceTree = "<group>"; };
/* End PBXFileReference section */

/* Begin PBXFrameworksBuildPhase section */
		317330D91C5FCF2D00BB2148 /* Frameworks */ = {
			isa = PBXFrameworksBuildPhase;
			buildActionMask = 2147483647;
			files = (
				313185EC1C622CFA000034DD /* libsqlite3.tbd in Frameworks */,
				313185EA1C622CF0000034DD /* libz.tbd in Frameworks */,
				313185E81C622CE7000034DD /* SystemConfiguration.framework in Frameworks */,
				313185E61C622CDE000034DD /* StoreKit.framework in Frameworks */,
				313185E41C622CCF000034DD /* Security.framework in Frameworks */,
				313185E21C622CC3000034DD /* QuartzCore.framework in Frameworks */,
				313185E01C622CB9000034DD /* CoreLocation.framework in Frameworks */,
				313185DE1C622CAD000034DD /* CoreGraphics.framework in Frameworks */,
				313185DC1C622CA2000034DD /* CFNetwork.framework in Frameworks */,
				313185DA1C622C96000034DD /* AudioToolbox.framework in Frameworks */,
				313185D41C6229C5000034DD /* Bolts.framework in Frameworks */,
				313185D71C622A36000034DD /* Parse.framework in Frameworks */,
			);
			runOnlyForDeploymentPostprocessing = 0;
		};
/* End PBXFrameworksBuildPhase section */

/* Begin PBXGroup section */
		313185D81C622B75000034DD /* Frameworks */ = {
			isa = PBXGroup;
			children = (
				313185EB1C622CFA000034DD /* libsqlite3.tbd */,
				313185E91C622CF0000034DD /* libz.tbd */,
				313185E71C622CE7000034DD /* SystemConfiguration.framework */,
				313185E51C622CDE000034DD /* StoreKit.framework */,
				313185E31C622CCF000034DD /* Security.framework */,
				313185E11C622CC3000034DD /* QuartzCore.framework */,
				313185DF1C622CB9000034DD /* CoreLocation.framework */,
				313185DD1C622CAD000034DD /* CoreGraphics.framework */,
				313185DB1C622CA2000034DD /* CFNetwork.framework */,
				313185D91C622C96000034DD /* AudioToolbox.framework */,
				313185D61C622A36000034DD /* Parse.framework */,
				313185D21C6229C5000034DD /* Bolts.framework */,
			);
			name = Frameworks;
			sourceTree = "<group>";
		};
		31380E831C6167060011F6EB /* ViewControllers */ = {
			isa = PBXGroup;
			children = (
				31380E841C61672C0011F6EB /* HomeViewController.h */,
				31380E851C61672C0011F6EB /* HomeViewController.m */,
				31380E871C6167E70011F6EB /* DaysViewController.h */,
				31380E881C6167E70011F6EB /* DaysViewController.m */,
				31380E8A1C616A370011F6EB /* FoodTableViewController.h */,
				31380E8B1C616A370011F6EB /* FoodTableViewController.m */,
				31380E8D1C616AAF0011F6EB /* LocationViewController.h */,
				31380E8E1C616AAF0011F6EB /* LocationViewController.m */,
				31380E901C616B810011F6EB /* GaleryViewController.h */,
				31380E911C616B810011F6EB /* GaleryViewController.m */,
				3180BC941C62A29900E40FBC /* MondayTableViewController.h */,
				3180BC951C62A29900E40FBC /* MondayTableViewController.m */,
				3180BC971C62A8FC00E40FBC /* AddExerciseViewController.h */,
				3180BC981C62A8FC00E40FBC /* AddExerciseViewController.m */,
			);
			name = ViewControllers;
			sourceTree = "<group>";
		};
		317330D31C5FCF2D00BB2148 = {
			isa = PBXGroup;
			children = (
				313185D81C622B75000034DD /* Frameworks */,
				317330DE1C5FCF2D00BB2148 /* Fitness Guide */,
				317330DD1C5FCF2D00BB2148 /* Products */,
			);
			sourceTree = "<group>";
		};
		317330DD1C5FCF2D00BB2148 /* Products */ = {
			isa = PBXGroup;
			children = (
				317330DC1C5FCF2D00BB2148 /* Fitness Guide.app */,
			);
			name = Products;
			sourceTree = "<group>";
		};
		317330DE1C5FCF2D00BB2148 /* Fitness Guide */ = {
			isa = PBXGroup;
			children = (
				3180BC901C62520800E40FBC /* Models */,
				31380E831C6167060011F6EB /* ViewControllers */,
				317330E21C5FCF2D00BB2148 /* AppDelegate.h */,
				317330E31C5FCF2D00BB2148 /* AppDelegate.m */,
				317330EB1C5FCF2D00BB2148 /* Main.storyboard */,
				317330EE1C5FCF2D00BB2148 /* Assets.xcassets */,
				317330F01C5FCF2D00BB2148 /* LaunchScreen.storyboard */,
				317330F31C5FCF2D00BB2148 /* Info.plist */,
				317330DF1C5FCF2D00BB2148 /* Supporting Files */,
			);
			path = "Fitness Guide";
			sourceTree = "<group>";
		};
		317330DF1C5FCF2D00BB2148 /* Supporting Files */ = {
			isa = PBXGroup;
			children = (
				317330E01C5FCF2D00BB2148 /* main.m */,
			);
			name = "Supporting Files";
			sourceTree = "<group>";
		};
		3180BC901C62520800E40FBC /* Models */ = {
			isa = PBXGroup;
			children = (
				3180BC911C62571700E40FBC /* Exercise.h */,
				3180BC921C62571700E40FBC /* Exercise.m */,
			);
			name = Models;
			sourceTree = "<group>";
		};
/* End PBXGroup section */

/* Begin PBXNativeTarget section */
		317330DB1C5FCF2D00BB2148 /* Fitness Guide */ = {
			isa = PBXNativeTarget;
			buildConfigurationList = 317330F61C5FCF2D00BB2148 /* Build configuration list for PBXNativeTarget "Fitness Guide" */;
			buildPhases = (
				317330D81C5FCF2D00BB2148 /* Sources */,
				317330D91C5FCF2D00BB2148 /* Frameworks */,
				317330DA1C5FCF2D00BB2148 /* Resources */,
			);
			buildRules = (
			);
			dependencies = (
			);
			name = "Fitness Guide";
			productName = "Fitness Guide";
			productReference = 317330DC1C5FCF2D00BB2148 /* Fitness Guide.app */;
			productType = "com.apple.product-type.application";
		};
/* End PBXNativeTarget section */

/* Begin PBXProject section */
		317330D41C5FCF2D00BB2148 /* Project object */ = {
			isa = PBXProject;
			attributes = {
				LastUpgradeCheck = 0720;
				ORGANIZATIONNAME = emcako;
				TargetAttributes = {
					317330DB1C5FCF2D00BB2148 = {
						CreatedOnToolsVersion = 7.2;
						DevelopmentTeam = VVKMGK75SG;
					};
				};
			};
			buildConfigurationList = 317330D71C5FCF2D00BB2148 /* Build configuration list for PBXProject "Fitness Guide" */;
			compatibilityVersion = "Xcode 3.2";
			developmentRegion = English;
			hasScannedForEncodings = 0;
			knownRegions = (
				en,
				Base,
			);
			mainGroup = 317330D31C5FCF2D00BB2148;
			productRefGroup = 317330DD1C5FCF2D00BB2148 /* Products */;
			projectDirPath = "";
			projectRoot = "";
			targets = (
				317330DB1C5FCF2D00BB2148 /* Fitness Guide */,
			);
		};
/* End PBXProject section */

/* Begin PBXResourcesBuildPhase section */
		317330DA1C5FCF2D00BB2148 /* Resources */ = {
			isa = PBXResourcesBuildPhase;
			buildActionMask = 2147483647;
			files = (
				317330F21C5FCF2D00BB2148 /* LaunchScreen.storyboard in Resources */,
				317330EF1C5FCF2D00BB2148 /* Assets.xcassets in Resources */,
				317330ED1C5FCF2D00BB2148 /* Main.storyboard in Resources */,
			);
			runOnlyForDeploymentPostprocessing = 0;
		};
/* End PBXResourcesBuildPhase section */

/* Begin PBXSourcesBuildPhase section */
		317330D81C5FCF2D00BB2148 /* Sources */ = {
			isa = PBXSourcesBuildPhase;
			buildActionMask = 2147483647;
			files = (
				317330E41C5FCF2D00BB2148 /* AppDelegate.m in Sources */,
				31380E8F1C616AAF0011F6EB /* LocationViewController.m in Sources */,
				31380E8C1C616A370011F6EB /* FoodTableViewController.m in Sources */,
				31380E921C616B810011F6EB /* GaleryViewController.m in Sources */,
				3180BC991C62A8FC00E40FBC /* AddExerciseViewController.m in Sources */,
				317330E11C5FCF2D00BB2148 /* main.m in Sources */,
				3180BC931C62571700E40FBC /* Exercise.m in Sources */,
				31380E861C61672C0011F6EB /* HomeViewController.m in Sources */,
				3180BC961C62A29900E40FBC /* MondayTableViewController.m in Sources */,
				31380E891C6167E70011F6EB /* DaysViewController.m in Sources */,
			);
			runOnlyForDeploymentPostprocessing = 0;
		};
/* End PBXSourcesBuildPhase section */

/* Begin PBXVariantGroup section */
		317330EB1C5FCF2D00BB2148 /* Main.storyboard */ = {
			isa = PBXVariantGroup;
			children = (
				317330EC1C5FCF2D00BB2148 /* Base */,
			);
			name = Main.storyboard;
			sourceTree = "<group>";
		};
		317330F01C5FCF2D00BB2148 /* LaunchScreen.storyboard */ = {
			isa = PBXVariantGroup;
			children = (
				317330F11C5FCF2D00BB2148 /* Base */,
			);
			name = LaunchScreen.storyboard;
			sourceTree = "<group>";
		};
/* End PBXVariantGroup section */

/* Begin XCBuildConfiguration section */
		317330F41C5FCF2D00BB2148 /* Debug */ = {
			isa = XCBuildConfiguration;
			buildSettings = {
				ALWAYS_SEARCH_USER_PATHS = NO;
				CLANG_CXX_LANGUAGE_STANDARD = "gnu++0x";
				CLANG_CXX_LIBRARY = "libc++";
				CLANG_ENABLE_MODULES = YES;
				CLANG_ENABLE_OBJC_ARC = YES;
				CLANG_WARN_BOOL_CONVERSION = YES;
				CLANG_WARN_CONSTANT_CONVERSION = YES;
				CLANG_WARN_DIRECT_OBJC_ISA_USAGE = YES_ERROR;
				CLANG_WARN_EMPTY_BODY = YES;
				CLANG_WARN_ENUM_CONVERSION = YES;
				CLANG_WARN_INT_CONVERSION = YES;
				CLANG_WARN_OBJC_ROOT_CLASS = YES_ERROR;
				CLANG_WARN_UNREACHABLE_CODE = YES;
				CLANG_WARN__DUPLICATE_METHOD_MATCH = YES;
				"CODE_SIGN_IDENTITY[sdk=iphoneos*]" = "iPhone Developer";
				COPY_PHASE_STRIP = NO;
				DEBUG_INFORMATION_FORMAT = dwarf;
				ENABLE_STRICT_OBJC_MSGSEND = YES;
				ENABLE_TESTABILITY = YES;
				GCC_C_LANGUAGE_STANDARD = gnu99;
				GCC_DYNAMIC_NO_PIC = NO;
				GCC_NO_COMMON_BLOCKS = YES;
				GCC_OPTIMIZATION_LEVEL = 0;
				GCC_PREPROCESSOR_DEFINITIONS = (
					"DEBUG=1",
					"$(inherited)",
				);
				GCC_WARN_64_TO_32_BIT_CONVERSION = YES;
				GCC_WARN_ABOUT_RETURN_TYPE = YES_ERROR;
				GCC_WARN_UNDECLARED_SELECTOR = YES;
				GCC_WARN_UNINITIALIZED_AUTOS = YES_AGGRESSIVE;
				GCC_WARN_UNUSED_FUNCTION = YES;
				GCC_WARN_UNUSED_VARIABLE = YES;
				IPHONEOS_DEPLOYMENT_TARGET = 9.2;
				MTL_ENABLE_DEBUG_INFO = YES;
				ONLY_ACTIVE_ARCH = YES;
				SDKROOT = iphoneos;
			};
			name = Debug;
		};
		317330F51C5FCF2D00BB2148 /* Release */ = {
			isa = XCBuildConfiguration;
			buildSettings = {
				ALWAYS_SEARCH_USER_PATHS = NO;
				CLANG_CXX_LANGUAGE_STANDARD = "gnu++0x";
				CLANG_CXX_LIBRARY = "libc++";
				CLANG_ENABLE_MODULES = YES;
				CLANG_ENABLE_OBJC_ARC = YES;
				CLANG_WARN_BOOL_CONVERSION = YES;
				CLANG_WARN_CONSTANT_CONVERSION = YES;
				CLANG_WARN_DIRECT_OBJC_ISA_USAGE = YES_ERROR;
				CLANG_WARN_EMPTY_BODY = YES;
				CLANG_WARN_ENUM_CONVERSION = YES;
				CLANG_WARN_INT_CONVERSION = YES;
				CLANG_WARN_OBJC_ROOT_CLASS = YES_ERROR;
				CLANG_WARN_UNREACHABLE_CODE = YES;
				CLANG_WARN__DUPLICATE_METHOD_MATCH = YES;
				"CODE_SIGN_IDENTITY[sdk=iphoneos*]" = "iPhone Developer";
				COPY_PHASE_STRIP = NO;
				DEBUG_INFORMATION_FORMAT = "dwarf-with-dsym";
				ENABLE_NS_ASSERTIONS = NO;
				ENABLE_STRICT_OBJC_MSGSEND = YES;
				GCC_C_LANGUAGE_STANDARD = gnu99;
				GCC_NO_COMMON_BLOCKS = YES;
				GCC_WARN_64_TO_32_BIT_CONVERSION = YES;
				GCC_WARN_ABOUT_RETURN_TYPE = YES_ERROR;
				GCC_WARN_UNDECLARED_SELECTOR = YES;
				GCC_WARN_UNINITIALIZED_AUTOS = YES_AGGRESSIVE;
				GCC_WARN_UNUSED_FUNCTION = YES;
				GCC_WARN_UNUSED_VARIABLE = YES;
				IPHONEOS_DEPLOYMENT_TARGET = 9.2;
				MTL_ENABLE_DEBUG_INFO = NO;
				SDKROOT = iphoneos;
				VALIDATE_PRODUCT = YES;
			};
			name = Release;
		};
		317330F71C5FCF2D00BB2148 /* Debug */ = {
			isa = XCBuildConfiguration;
			buildSettings = {
				ASSETCATALOG_COMPILER_APPICON_NAME = AppIcon;
				FRAMEWORK_SEARCH_PATHS = (
					"$(inherited)",
					"$(PROJECT_DIR)",
				);
				INFOPLIST_FILE = "Fitness Guide/Info.plist";
				LD_RUNPATH_SEARCH_PATHS = "$(inherited) @executable_path/Frameworks";
				PRODUCT_BUNDLE_IDENTIFIER = "emcako.Fitness-Guide";
				PRODUCT_NAME = "$(TARGET_NAME)";
			};
			name = Debug;
		};
		317330F81C5FCF2D00BB2148 /* Release */ = {
			isa = XCBuildConfiguration;
			buildSettings = {
				ASSETCATALOG_COMPILER_APPICON_NAME = AppIcon;
				FRAMEWORK_SEARCH_PATHS = (
					"$(inherited)",
					"$(PROJECT_DIR)",
				);
				INFOPLIST_FILE = "Fitness Guide/Info.plist";
				LD_RUNPATH_SEARCH_PATHS = "$(inherited) @executable_path/Frameworks";
				PRODUCT_BUNDLE_IDENTIFIER = "emcako.Fitness-Guide";
				PRODUCT_NAME = "$(TARGET_NAME)";
			};
			name = Release;
		};
/* End XCBuildConfiguration section */

/* Begin XCConfigurationList section */
		317330D71C5FCF2D00BB2148 /* Build configuration list for PBXProject "Fitness Guide" */ = {
			isa = XCConfigurationList;
			buildConfigurations = (
				317330F41C5FCF2D00BB2148 /* Debug */,
				317330F51C5FCF2D00BB2148 /* Release */,
			);
			defaultConfigurationIsVisible = 0;
			defaultConfigurationName = Release;
		};
		317330F61C5FCF2D00BB2148 /* Build configuration list for PBXNativeTarget "Fitness Guide" */ = {
			isa = XCConfigurationList;
			buildConfigurations = (
				317330F71C5FCF2D00BB2148 /* Debug */,
				317330F81C5FCF2D00BB2148 /* Release */,
			);
			defaultConfigurationIsVisible = 0;
			defaultConfigurationName = Release;
		};
/* End XCConfigurationList section */
	};
	rootObject = 317330D41C5FCF2D00BB2148 /* Project object */;
}
